
Microsoft Visual Studio Solution File, Format Version 12.00
Project("{2150E333-8FDC-42A3-9474-1A3956D46DE8}") = "src", "src", "{827E0CD3-B72D-47B6-A68D-7590B98EB39B}"
EndProject
Project("{FAE04EC0-301F-11D3-BF4B-00C04F79EFBC}") = "Api", "src\Api\Api.csproj", "{74018583-F4DF-4562-AEAE-34B93437D0F2}"
EndProject
Project("{FAE04EC0-301F-11D3-BF4B-00C04F79EFBC}") = "SharedKernel", "src\SharedKernel\SharedKernel.csproj", "{A58F8230-0FD1-416C-BB06-FDBE4686962B}"
EndProject
Project("{FAE04EC0-301F-11D3-BF4B-00C04F79EFBC}") = "Infrastructure", "src\Infrastructure\Infrastructure.csproj", "{51D595ED-9035-4F67-9813-1AD78E014890}"
EndProject
Project("{FAE04EC0-301F-11D3-BF4B-00C04F79EFBC}") = "AppHost", "src\AppHost\AppHost.csproj", "{9E1DA5D3-927D-44EC-A71D-95E78DEEB7D1}"
EndProject
Project("{2150E333-8FDC-42A3-9474-1A3956D46DE8}") = "Modules", "Modules", "{1E79EA77-37C6-4C44-8F19-7E99C492500F}"
EndProject
Project("{2150E333-8FDC-42A3-9474-1A3956D46DE8}") = "Billing", "Billing", "{AFFF1933-8779-4413-8F5D-11BDB05CAF7B}"
EndProject
Project("{FAE04EC0-301F-11D3-BF4B-00C04F79EFBC}") = "ModularMonolithTemplate.Billing.Application", "src\Modules\Billing\ModularMonolithTemplate.Billing.Application\ModularMonolithTemplate.Billing.Application.csproj", "{FB08D468-BA11-44E1-A25A-961D54A2B86B}"
EndProject
Project("{FAE04EC0-301F-11D3-BF4B-00C04F79EFBC}") = "ModularMonolithTemplate.Billing.Domain", "src\Modules\Billing\ModularMonolithTemplate.Billing.Domain\ModularMonolithTemplate.Billing.Domain.csproj", "{315CA379-4C45-4EB5-9C97-05EFACB6E20D}"
EndProject
Project("{FAE04EC0-301F-11D3-BF4B-00C04F79EFBC}") = "ModularMonolithTemplate.Billing.Infrastructure", "src\Modules\Billing\ModularMonolithTemplate.Billing.Infrastructure\ModularMonolithTemplate.Billing.Infrastructure.csproj", "{337D5C86-24DE-40C6-A568-7FAFFC25833C}"
EndProject
Project("{FAE04EC0-301F-11D3-BF4B-00C04F79EFBC}") = "ModularMonolithTemplate.Billing.Contracts", "src\Modules\Billing\ModularMonolithTemplate.Billing.Contracts\ModularMonolithTemplate.Billing.Contracts.csproj", "{D93F20DA-1739-4BFF-B266-54CF770A5594}"
EndProject
Project("{FAE04EC0-301F-11D3-BF4B-00C04F79EFBC}") = "ModularMonolithTemplate.Billing.Presentation", "src\Modules\Billing\ModularMonolithTemplate.Billing.Presentation\ModularMonolithTemplate.Billing.Presentation.csproj", "{1477B51C-2A26-4922-AA79-7313765D3391}"
EndProject
Project("{FAE04EC0-301F-11D3-BF4B-00C04F79EFBC}") = "ModularMonolithTemplate.Billing.Tests", "src\Modules\Billing\ModularMonolithTemplate.Billing.Tests\ModularMonolithTemplate.Billing.Tests.csproj", "{B110E61C-DA1A-47A4-B149-B25DDC642211}"
EndProject
Project("{2150E333-8FDC-42A3-9474-1A3956D46DE8}") = "Catalog", "Catalog", "{15F1011D-D949-43AD-B296-9C73AA7A594B}"
EndProject
Project("{FAE04EC0-301F-11D3-BF4B-00C04F79EFBC}") = "ModularMonolithTemplate.Catalog.Domain", "src\Modules\Catalog\ModularMonolithTemplate.Catalog.Domain\ModularMonolithTemplate.Catalog.Domain.csproj", "{E7474CDE-92C1-4AF8-A497-FD4CAF46D17F}"
EndProject
Project("{FAE04EC0-301F-11D3-BF4B-00C04F79EFBC}") = "ModularMonolithTemplate.Catalog.Infrastructure", "src\Modules\Catalog\ModularMonolithTemplate.Catalog.Infrastructure\ModularMonolithTemplate.Catalog.Infrastructure.csproj", "{33E42330-A861-49A7-84BF-B510FEC9D9F0}"
EndProject
Project("{FAE04EC0-301F-11D3-BF4B-00C04F79EFBC}") = "ModularMonolithTemplate.Catalog.Application", "src\Modules\Catalog\ModularMonolithTemplate.Catalog.Application\ModularMonolithTemplate.Catalog.Application.csproj", "{39AA1480-3A27-41AD-9777-5F4A651AB6D0}"
EndProject
Project("{FAE04EC0-301F-11D3-BF4B-00C04F79EFBC}") = "ModularMonolithTemplate.Catalog.Presentation", "src\Modules\Catalog\ModularMonolithTemplate.Catalog.Presentation\ModularMonolithTemplate.Catalog.Presentation.csproj", "{47462111-2F0F-499D-A588-D212B69C2C20}"
EndProject
Project("{FAE04EC0-301F-11D3-BF4B-00C04F79EFBC}") = "ModularMonolithTemplate.Catalog.Contracts", "src\Modules\Catalog\ModularMonolithTemplate.Catalog.Contracts\ModularMonolithTemplate.Catalog.Contracts.csproj", "{A9B03911-8AD8-4A1C-9200-9D104103592D}"
EndProject
Project("{FAE04EC0-301F-11D3-BF4B-00C04F79EFBC}") = "ModularMonolithTemplate.Catalog.Tests", "src\Modules\Catalog\ModularMonolithTemplate.Catalog.Tests\ModularMonolithTemplate.Catalog.Tests.csproj", "{83598C66-6050-4EF7-BB56-29774DAD7DED}"
EndProject
Project("{FAE04EC0-301F-11D3-BF4B-00C04F79EFBC}") = "Sdk", "src\Sdk\Sdk.csproj", "{1446E84A-665C-46BE-947A-6724B45FCCAE}"
EndProject
Project("{FAE04EC0-301F-11D3-BF4B-00C04F79EFBC}") = "ModularMonolithTemplate.Catalog.Crosscutting", "src\Modules\Catalog\ModularMonolithTemplate.Catalog.Crosscutting\ModularMonolithTemplate.Catalog.Crosscutting.csproj", "{73200E30-4CA4-43E5-8CDF-07112F150E1B}"
EndProject
Project("{FAE04EC0-301F-11D3-BF4B-00C04F79EFBC}") = "ModularMonolithTemplate.Billing.Crosscutting", "src\Modules\Billing\ModularMonolithTemplate.Billing.Crosscutting\ModularMonolithTemplate.Billing.Crosscutting.csproj", "{E77B26CC-0EF8-42E2-8B7D-9D0A992DD410}"
EndProject
Global
	GlobalSection(SolutionConfigurationPlatforms) = preSolution
		Debug|Any CPU = Debug|Any CPU
		Debug|x64 = Debug|x64
		Debug|x86 = Debug|x86
		Release|Any CPU = Release|Any CPU
		Release|x64 = Release|x64
		Release|x86 = Release|x86
	EndGlobalSection
	GlobalSection(ProjectConfigurationPlatforms) = postSolution
		{74018583-F4DF-4562-AEAE-34B93437D0F2}.Debug|Any CPU.ActiveCfg = Debug|Any CPU
		{74018583-F4DF-4562-AEAE-34B93437D0F2}.Debug|Any CPU.Build.0 = Debug|Any CPU
		{74018583-F4DF-4562-AEAE-34B93437D0F2}.Debug|x64.ActiveCfg = Debug|Any CPU
		{74018583-F4DF-4562-AEAE-34B93437D0F2}.Debug|x64.Build.0 = Debug|Any CPU
		{74018583-F4DF-4562-AEAE-34B93437D0F2}.Debug|x86.ActiveCfg = Debug|Any CPU
		{74018583-F4DF-4562-AEAE-34B93437D0F2}.Debug|x86.Build.0 = Debug|Any CPU
		{74018583-F4DF-4562-AEAE-34B93437D0F2}.Release|Any CPU.ActiveCfg = Release|Any CPU
		{74018583-F4DF-4562-AEAE-34B93437D0F2}.Release|Any CPU.Build.0 = Release|Any CPU
		{74018583-F4DF-4562-AEAE-34B93437D0F2}.Release|x64.ActiveCfg = Release|Any CPU
		{74018583-F4DF-4562-AEAE-34B93437D0F2}.Release|x64.Build.0 = Release|Any CPU
		{74018583-F4DF-4562-AEAE-34B93437D0F2}.Release|x86.ActiveCfg = Release|Any CPU
		{74018583-F4DF-4562-AEAE-34B93437D0F2}.Release|x86.Build.0 = Release|Any CPU
		{A58F8230-0FD1-416C-BB06-FDBE4686962B}.Debug|Any CPU.ActiveCfg = Debug|Any CPU
		{A58F8230-0FD1-416C-BB06-FDBE4686962B}.Debug|Any CPU.Build.0 = Debug|Any CPU
		{A58F8230-0FD1-416C-BB06-FDBE4686962B}.Debug|x64.ActiveCfg = Debug|Any CPU
		{A58F8230-0FD1-416C-BB06-FDBE4686962B}.Debug|x64.Build.0 = Debug|Any CPU
		{A58F8230-0FD1-416C-BB06-FDBE4686962B}.Debug|x86.ActiveCfg = Debug|Any CPU
		{A58F8230-0FD1-416C-BB06-FDBE4686962B}.Debug|x86.Build.0 = Debug|Any CPU
		{A58F8230-0FD1-416C-BB06-FDBE4686962B}.Release|Any CPU.ActiveCfg = Release|Any CPU
		{A58F8230-0FD1-416C-BB06-FDBE4686962B}.Release|Any CPU.Build.0 = Release|Any CPU
		{A58F8230-0FD1-416C-BB06-FDBE4686962B}.Release|x64.ActiveCfg = Release|Any CPU
		{A58F8230-0FD1-416C-BB06-FDBE4686962B}.Release|x64.Build.0 = Release|Any CPU
		{A58F8230-0FD1-416C-BB06-FDBE4686962B}.Release|x86.ActiveCfg = Release|Any CPU
		{A58F8230-0FD1-416C-BB06-FDBE4686962B}.Release|x86.Build.0 = Release|Any CPU
		{51D595ED-9035-4F67-9813-1AD78E014890}.Debug|Any CPU.ActiveCfg = Debug|Any CPU
		{51D595ED-9035-4F67-9813-1AD78E014890}.Debug|Any CPU.Build.0 = Debug|Any CPU
		{51D595ED-9035-4F67-9813-1AD78E014890}.Debug|x64.ActiveCfg = Debug|Any CPU
		{51D595ED-9035-4F67-9813-1AD78E014890}.Debug|x64.Build.0 = Debug|Any CPU
		{51D595ED-9035-4F67-9813-1AD78E014890}.Debug|x86.ActiveCfg = Debug|Any CPU
		{51D595ED-9035-4F67-9813-1AD78E014890}.Debug|x86.Build.0 = Debug|Any CPU
		{51D595ED-9035-4F67-9813-1AD78E014890}.Release|Any CPU.ActiveCfg = Release|Any CPU
		{51D595ED-9035-4F67-9813-1AD78E014890}.Release|Any CPU.Build.0 = Release|Any CPU
		{51D595ED-9035-4F67-9813-1AD78E014890}.Release|x64.ActiveCfg = Release|Any CPU
		{51D595ED-9035-4F67-9813-1AD78E014890}.Release|x64.Build.0 = Release|Any CPU
		{51D595ED-9035-4F67-9813-1AD78E014890}.Release|x86.ActiveCfg = Release|Any CPU
		{51D595ED-9035-4F67-9813-1AD78E014890}.Release|x86.Build.0 = Release|Any CPU
		{9E1DA5D3-927D-44EC-A71D-95E78DEEB7D1}.Debug|Any CPU.ActiveCfg = Debug|Any CPU
		{9E1DA5D3-927D-44EC-A71D-95E78DEEB7D1}.Debug|Any CPU.Build.0 = Debug|Any CPU
		{9E1DA5D3-927D-44EC-A71D-95E78DEEB7D1}.Debug|x64.ActiveCfg = Debug|Any CPU
		{9E1DA5D3-927D-44EC-A71D-95E78DEEB7D1}.Debug|x64.Build.0 = Debug|Any CPU
		{9E1DA5D3-927D-44EC-A71D-95E78DEEB7D1}.Debug|x86.ActiveCfg = Debug|Any CPU
		{9E1DA5D3-927D-44EC-A71D-95E78DEEB7D1}.Debug|x86.Build.0 = Debug|Any CPU
		{9E1DA5D3-927D-44EC-A71D-95E78DEEB7D1}.Release|Any CPU.ActiveCfg = Release|Any CPU
		{9E1DA5D3-927D-44EC-A71D-95E78DEEB7D1}.Release|Any CPU.Build.0 = Release|Any CPU
		{9E1DA5D3-927D-44EC-A71D-95E78DEEB7D1}.Release|x64.ActiveCfg = Release|Any CPU
		{9E1DA5D3-927D-44EC-A71D-95E78DEEB7D1}.Release|x64.Build.0 = Release|Any CPU
		{9E1DA5D3-927D-44EC-A71D-95E78DEEB7D1}.Release|x86.ActiveCfg = Release|Any CPU
		{9E1DA5D3-927D-44EC-A71D-95E78DEEB7D1}.Release|x86.Build.0 = Release|Any CPU
		{FB08D468-BA11-44E1-A25A-961D54A2B86B}.Debug|Any CPU.ActiveCfg = Debug|Any CPU
		{FB08D468-BA11-44E1-A25A-961D54A2B86B}.Debug|Any CPU.Build.0 = Debug|Any CPU
		{FB08D468-BA11-44E1-A25A-961D54A2B86B}.Debug|x64.ActiveCfg = Debug|Any CPU
		{FB08D468-BA11-44E1-A25A-961D54A2B86B}.Debug|x64.Build.0 = Debug|Any CPU
		{FB08D468-BA11-44E1-A25A-961D54A2B86B}.Debug|x86.ActiveCfg = Debug|Any CPU
		{FB08D468-BA11-44E1-A25A-961D54A2B86B}.Debug|x86.Build.0 = Debug|Any CPU
		{FB08D468-BA11-44E1-A25A-961D54A2B86B}.Release|Any CPU.ActiveCfg = Release|Any CPU
		{FB08D468-BA11-44E1-A25A-961D54A2B86B}.Release|Any CPU.Build.0 = Release|Any CPU
		{FB08D468-BA11-44E1-A25A-961D54A2B86B}.Release|x64.ActiveCfg = Release|Any CPU
		{FB08D468-BA11-44E1-A25A-961D54A2B86B}.Release|x64.Build.0 = Release|Any CPU
		{FB08D468-BA11-44E1-A25A-961D54A2B86B}.Release|x86.ActiveCfg = Release|Any CPU
		{FB08D468-BA11-44E1-A25A-961D54A2B86B}.Release|x86.Build.0 = Release|Any CPU
		{315CA379-4C45-4EB5-9C97-05EFACB6E20D}.Debug|Any CPU.ActiveCfg = Debug|Any CPU
		{315CA379-4C45-4EB5-9C97-05EFACB6E20D}.Debug|Any CPU.Build.0 = Debug|Any CPU
		{315CA379-4C45-4EB5-9C97-05EFACB6E20D}.Debug|x64.ActiveCfg = Debug|Any CPU
		{315CA379-4C45-4EB5-9C97-05EFACB6E20D}.Debug|x64.Build.0 = Debug|Any CPU
		{315CA379-4C45-4EB5-9C97-05EFACB6E20D}.Debug|x86.ActiveCfg = Debug|Any CPU
		{315CA379-4C45-4EB5-9C97-05EFACB6E20D}.Debug|x86.Build.0 = Debug|Any CPU
		{315CA379-4C45-4EB5-9C97-05EFACB6E20D}.Release|Any CPU.ActiveCfg = Release|Any CPU
		{315CA379-4C45-4EB5-9C97-05EFACB6E20D}.Release|Any CPU.Build.0 = Release|Any CPU
		{315CA379-4C45-4EB5-9C97-05EFACB6E20D}.Release|x64.ActiveCfg = Release|Any CPU
		{315CA379-4C45-4EB5-9C97-05EFACB6E20D}.Release|x64.Build.0 = Release|Any CPU
		{315CA379-4C45-4EB5-9C97-05EFACB6E20D}.Release|x86.ActiveCfg = Release|Any CPU
		{315CA379-4C45-4EB5-9C97-05EFACB6E20D}.Release|x86.Build.0 = Release|Any CPU
		{337D5C86-24DE-40C6-A568-7FAFFC25833C}.Debug|Any CPU.ActiveCfg = Debug|Any CPU
		{337D5C86-24DE-40C6-A568-7FAFFC25833C}.Debug|Any CPU.Build.0 = Debug|Any CPU
		{337D5C86-24DE-40C6-A568-7FAFFC25833C}.Debug|x64.ActiveCfg = Debug|Any CPU
		{337D5C86-24DE-40C6-A568-7FAFFC25833C}.Debug|x64.Build.0 = Debug|Any CPU
		{337D5C86-24DE-40C6-A568-7FAFFC25833C}.Debug|x86.ActiveCfg = Debug|Any CPU
		{337D5C86-24DE-40C6-A568-7FAFFC25833C}.Debug|x86.Build.0 = Debug|Any CPU
		{337D5C86-24DE-40C6-A568-7FAFFC25833C}.Release|Any CPU.ActiveCfg = Release|Any CPU
		{337D5C86-24DE-40C6-A568-7FAFFC25833C}.Release|Any CPU.Build.0 = Release|Any CPU
		{337D5C86-24DE-40C6-A568-7FAFFC25833C}.Release|x64.ActiveCfg = Release|Any CPU
		{337D5C86-24DE-40C6-A568-7FAFFC25833C}.Release|x64.Build.0 = Release|Any CPU
		{337D5C86-24DE-40C6-A568-7FAFFC25833C}.Release|x86.ActiveCfg = Release|Any CPU
		{337D5C86-24DE-40C6-A568-7FAFFC25833C}.Release|x86.Build.0 = Release|Any CPU
		{D93F20DA-1739-4BFF-B266-54CF770A5594}.Debug|Any CPU.ActiveCfg = Debug|Any CPU
		{D93F20DA-1739-4BFF-B266-54CF770A5594}.Debug|Any CPU.Build.0 = Debug|Any CPU
		{D93F20DA-1739-4BFF-B266-54CF770A5594}.Debug|x64.ActiveCfg = Debug|Any CPU
		{D93F20DA-1739-4BFF-B266-54CF770A5594}.Debug|x64.Build.0 = Debug|Any CPU
		{D93F20DA-1739-4BFF-B266-54CF770A5594}.Debug|x86.ActiveCfg = Debug|Any CPU
		{D93F20DA-1739-4BFF-B266-54CF770A5594}.Debug|x86.Build.0 = Debug|Any CPU
		{D93F20DA-1739-4BFF-B266-54CF770A5594}.Release|Any CPU.ActiveCfg = Release|Any CPU
		{D93F20DA-1739-4BFF-B266-54CF770A5594}.Release|Any CPU.Build.0 = Release|Any CPU
		{D93F20DA-1739-4BFF-B266-54CF770A5594}.Release|x64.ActiveCfg = Release|Any CPU
		{D93F20DA-1739-4BFF-B266-54CF770A5594}.Release|x64.Build.0 = Release|Any CPU
		{D93F20DA-1739-4BFF-B266-54CF770A5594}.Release|x86.ActiveCfg = Release|Any CPU
		{D93F20DA-1739-4BFF-B266-54CF770A5594}.Release|x86.Build.0 = Release|Any CPU
		{1477B51C-2A26-4922-AA79-7313765D3391}.Debug|Any CPU.ActiveCfg = Debug|Any CPU
		{1477B51C-2A26-4922-AA79-7313765D3391}.Debug|Any CPU.Build.0 = Debug|Any CPU
		{1477B51C-2A26-4922-AA79-7313765D3391}.Debug|x64.ActiveCfg = Debug|Any CPU
		{1477B51C-2A26-4922-AA79-7313765D3391}.Debug|x64.Build.0 = Debug|Any CPU
		{1477B51C-2A26-4922-AA79-7313765D3391}.Debug|x86.ActiveCfg = Debug|Any CPU
		{1477B51C-2A26-4922-AA79-7313765D3391}.Debug|x86.Build.0 = Debug|Any CPU
		{1477B51C-2A26-4922-AA79-7313765D3391}.Release|Any CPU.ActiveCfg = Release|Any CPU
		{1477B51C-2A26-4922-AA79-7313765D3391}.Release|Any CPU.Build.0 = Release|Any CPU
		{1477B51C-2A26-4922-AA79-7313765D3391}.Release|x64.ActiveCfg = Release|Any CPU
		{1477B51C-2A26-4922-AA79-7313765D3391}.Release|x64.Build.0 = Release|Any CPU
		{1477B51C-2A26-4922-AA79-7313765D3391}.Release|x86.ActiveCfg = Release|Any CPU
		{1477B51C-2A26-4922-AA79-7313765D3391}.Release|x86.Build.0 = Release|Any CPU
		{B110E61C-DA1A-47A4-B149-B25DDC642211}.Debug|Any CPU.ActiveCfg = Debug|Any CPU
		{B110E61C-DA1A-47A4-B149-B25DDC642211}.Debug|Any CPU.Build.0 = Debug|Any CPU
		{B110E61C-DA1A-47A4-B149-B25DDC642211}.Debug|x64.ActiveCfg = Debug|Any CPU
		{B110E61C-DA1A-47A4-B149-B25DDC642211}.Debug|x64.Build.0 = Debug|Any CPU
		{B110E61C-DA1A-47A4-B149-B25DDC642211}.Debug|x86.ActiveCfg = Debug|Any CPU
		{B110E61C-DA1A-47A4-B149-B25DDC642211}.Debug|x86.Build.0 = Debug|Any CPU
		{B110E61C-DA1A-47A4-B149-B25DDC642211}.Release|Any CPU.ActiveCfg = Release|Any CPU
		{B110E61C-DA1A-47A4-B149-B25DDC642211}.Release|Any CPU.Build.0 = Release|Any CPU
		{B110E61C-DA1A-47A4-B149-B25DDC642211}.Release|x64.ActiveCfg = Release|Any CPU
		{B110E61C-DA1A-47A4-B149-B25DDC642211}.Release|x64.Build.0 = Release|Any CPU
		{B110E61C-DA1A-47A4-B149-B25DDC642211}.Release|x86.ActiveCfg = Release|Any CPU
		{B110E61C-DA1A-47A4-B149-B25DDC642211}.Release|x86.Build.0 = Release|Any CPU
		{E7474CDE-92C1-4AF8-A497-FD4CAF46D17F}.Debug|Any CPU.ActiveCfg = Debug|Any CPU
		{E7474CDE-92C1-4AF8-A497-FD4CAF46D17F}.Debug|Any CPU.Build.0 = Debug|Any CPU
		{E7474CDE-92C1-4AF8-A497-FD4CAF46D17F}.Debug|x64.ActiveCfg = Debug|Any CPU
		{E7474CDE-92C1-4AF8-A497-FD4CAF46D17F}.Debug|x64.Build.0 = Debug|Any CPU
		{E7474CDE-92C1-4AF8-A497-FD4CAF46D17F}.Debug|x86.ActiveCfg = Debug|Any CPU
		{E7474CDE-92C1-4AF8-A497-FD4CAF46D17F}.Debug|x86.Build.0 = Debug|Any CPU
		{E7474CDE-92C1-4AF8-A497-FD4CAF46D17F}.Release|Any CPU.ActiveCfg = Release|Any CPU
		{E7474CDE-92C1-4AF8-A497-FD4CAF46D17F}.Release|Any CPU.Build.0 = Release|Any CPU
		{E7474CDE-92C1-4AF8-A497-FD4CAF46D17F}.Release|x64.ActiveCfg = Release|Any CPU
		{E7474CDE-92C1-4AF8-A497-FD4CAF46D17F}.Release|x64.Build.0 = Release|Any CPU
		{E7474CDE-92C1-4AF8-A497-FD4CAF46D17F}.Release|x86.ActiveCfg = Release|Any CPU
		{E7474CDE-92C1-4AF8-A497-FD4CAF46D17F}.Release|x86.Build.0 = Release|Any CPU
		{33E42330-A861-49A7-84BF-B510FEC9D9F0}.Debug|Any CPU.ActiveCfg = Debug|Any CPU
		{33E42330-A861-49A7-84BF-B510FEC9D9F0}.Debug|Any CPU.Build.0 = Debug|Any CPU
		{33E42330-A861-49A7-84BF-B510FEC9D9F0}.Debug|x64.ActiveCfg = Debug|Any CPU
		{33E42330-A861-49A7-84BF-B510FEC9D9F0}.Debug|x64.Build.0 = Debug|Any CPU
		{33E42330-A861-49A7-84BF-B510FEC9D9F0}.Debug|x86.ActiveCfg = Debug|Any CPU
		{33E42330-A861-49A7-84BF-B510FEC9D9F0}.Debug|x86.Build.0 = Debug|Any CPU
		{33E42330-A861-49A7-84BF-B510FEC9D9F0}.Release|Any CPU.ActiveCfg = Release|Any CPU
		{33E42330-A861-49A7-84BF-B510FEC9D9F0}.Release|Any CPU.Build.0 = Release|Any CPU
		{33E42330-A861-49A7-84BF-B510FEC9D9F0}.Release|x64.ActiveCfg = Release|Any CPU
		{33E42330-A861-49A7-84BF-B510FEC9D9F0}.Release|x64.Build.0 = Release|Any CPU
		{33E42330-A861-49A7-84BF-B510FEC9D9F0}.Release|x86.ActiveCfg = Release|Any CPU
		{33E42330-A861-49A7-84BF-B510FEC9D9F0}.Release|x86.Build.0 = Release|Any CPU
		{39AA1480-3A27-41AD-9777-5F4A651AB6D0}.Debug|Any CPU.ActiveCfg = Debug|Any CPU
		{39AA1480-3A27-41AD-9777-5F4A651AB6D0}.Debug|Any CPU.Build.0 = Debug|Any CPU
		{39AA1480-3A27-41AD-9777-5F4A651AB6D0}.Debug|x64.ActiveCfg = Debug|Any CPU
		{39AA1480-3A27-41AD-9777-5F4A651AB6D0}.Debug|x64.Build.0 = Debug|Any CPU
		{39AA1480-3A27-41AD-9777-5F4A651AB6D0}.Debug|x86.ActiveCfg = Debug|Any CPU
		{39AA1480-3A27-41AD-9777-5F4A651AB6D0}.Debug|x86.Build.0 = Debug|Any CPU
		{39AA1480-3A27-41AD-9777-5F4A651AB6D0}.Release|Any CPU.ActiveCfg = Release|Any CPU
		{39AA1480-3A27-41AD-9777-5F4A651AB6D0}.Release|Any CPU.Build.0 = Release|Any CPU
		{39AA1480-3A27-41AD-9777-5F4A651AB6D0}.Release|x64.ActiveCfg = Release|Any CPU
		{39AA1480-3A27-41AD-9777-5F4A651AB6D0}.Release|x64.Build.0 = Release|Any CPU
		{39AA1480-3A27-41AD-9777-5F4A651AB6D0}.Release|x86.ActiveCfg = Release|Any CPU
		{39AA1480-3A27-41AD-9777-5F4A651AB6D0}.Release|x86.Build.0 = Release|Any CPU
		{47462111-2F0F-499D-A588-D212B69C2C20}.Debug|Any CPU.ActiveCfg = Debug|Any CPU
		{47462111-2F0F-499D-A588-D212B69C2C20}.Debug|Any CPU.Build.0 = Debug|Any CPU
		{47462111-2F0F-499D-A588-D212B69C2C20}.Debug|x64.ActiveCfg = Debug|Any CPU
		{47462111-2F0F-499D-A588-D212B69C2C20}.Debug|x64.Build.0 = Debug|Any CPU
		{47462111-2F0F-499D-A588-D212B69C2C20}.Debug|x86.ActiveCfg = Debug|Any CPU
		{47462111-2F0F-499D-A588-D212B69C2C20}.Debug|x86.Build.0 = Debug|Any CPU
		{47462111-2F0F-499D-A588-D212B69C2C20}.Release|Any CPU.ActiveCfg = Release|Any CPU
		{47462111-2F0F-499D-A588-D212B69C2C20}.Release|Any CPU.Build.0 = Release|Any CPU
		{47462111-2F0F-499D-A588-D212B69C2C20}.Release|x64.ActiveCfg = Release|Any CPU
		{47462111-2F0F-499D-A588-D212B69C2C20}.Release|x64.Build.0 = Release|Any CPU
		{47462111-2F0F-499D-A588-D212B69C2C20}.Release|x86.ActiveCfg = Release|Any CPU
		{47462111-2F0F-499D-A588-D212B69C2C20}.Release|x86.Build.0 = Release|Any CPU
		{A9B03911-8AD8-4A1C-9200-9D104103592D}.Debug|Any CPU.ActiveCfg = Debug|Any CPU
		{A9B03911-8AD8-4A1C-9200-9D104103592D}.Debug|Any CPU.Build.0 = Debug|Any CPU
		{A9B03911-8AD8-4A1C-9200-9D104103592D}.Debug|x64.ActiveCfg = Debug|Any CPU
		{A9B03911-8AD8-4A1C-9200-9D104103592D}.Debug|x64.Build.0 = Debug|Any CPU
		{A9B03911-8AD8-4A1C-9200-9D104103592D}.Debug|x86.ActiveCfg = Debug|Any CPU
		{A9B03911-8AD8-4A1C-9200-9D104103592D}.Debug|x86.Build.0 = Debug|Any CPU
		{A9B03911-8AD8-4A1C-9200-9D104103592D}.Release|Any CPU.ActiveCfg = Release|Any CPU
		{A9B03911-8AD8-4A1C-9200-9D104103592D}.Release|Any CPU.Build.0 = Release|Any CPU
		{A9B03911-8AD8-4A1C-9200-9D104103592D}.Release|x64.ActiveCfg = Release|Any CPU
		{A9B03911-8AD8-4A1C-9200-9D104103592D}.Release|x64.Build.0 = Release|Any CPU
		{A9B03911-8AD8-4A1C-9200-9D104103592D}.Release|x86.ActiveCfg = Release|Any CPU
		{A9B03911-8AD8-4A1C-9200-9D104103592D}.Release|x86.Build.0 = Release|Any CPU
		{83598C66-6050-4EF7-BB56-29774DAD7DED}.Debug|Any CPU.ActiveCfg = Debug|Any CPU
		{83598C66-6050-4EF7-BB56-29774DAD7DED}.Debug|Any CPU.Build.0 = Debug|Any CPU
		{83598C66-6050-4EF7-BB56-29774DAD7DED}.Debug|x64.ActiveCfg = Debug|Any CPU
		{83598C66-6050-4EF7-BB56-29774DAD7DED}.Debug|x64.Build.0 = Debug|Any CPU
		{83598C66-6050-4EF7-BB56-29774DAD7DED}.Debug|x86.ActiveCfg = Debug|Any CPU
		{83598C66-6050-4EF7-BB56-29774DAD7DED}.Debug|x86.Build.0 = Debug|Any CPU
		{83598C66-6050-4EF7-BB56-29774DAD7DED}.Release|Any CPU.ActiveCfg = Release|Any CPU
		{83598C66-6050-4EF7-BB56-29774DAD7DED}.Release|Any CPU.Build.0 = Release|Any CPU
		{83598C66-6050-4EF7-BB56-29774DAD7DED}.Release|x64.ActiveCfg = Release|Any CPU
		{83598C66-6050-4EF7-BB56-29774DAD7DED}.Release|x64.Build.0 = Release|Any CPU
		{83598C66-6050-4EF7-BB56-29774DAD7DED}.Release|x86.ActiveCfg = Release|Any CPU
		{83598C66-6050-4EF7-BB56-29774DAD7DED}.Release|x86.Build.0 = Release|Any CPU
		{1446E84A-665C-46BE-947A-6724B45FCCAE}.Debug|Any CPU.ActiveCfg = Debug|Any CPU
		{1446E84A-665C-46BE-947A-6724B45FCCAE}.Debug|Any CPU.Build.0 = Debug|Any CPU
		{1446E84A-665C-46BE-947A-6724B45FCCAE}.Debug|x64.ActiveCfg = Debug|Any CPU
		{1446E84A-665C-46BE-947A-6724B45FCCAE}.Debug|x64.Build.0 = Debug|Any CPU
		{1446E84A-665C-46BE-947A-6724B45FCCAE}.Debug|x86.ActiveCfg = Debug|Any CPU
		{1446E84A-665C-46BE-947A-6724B45FCCAE}.Debug|x86.Build.0 = Debug|Any CPU
		{1446E84A-665C-46BE-947A-6724B45FCCAE}.Release|Any CPU.ActiveCfg = Release|Any CPU
		{1446E84A-665C-46BE-947A-6724B45FCCAE}.Release|Any CPU.Build.0 = Release|Any CPU
		{1446E84A-665C-46BE-947A-6724B45FCCAE}.Release|x64.ActiveCfg = Release|Any CPU
		{1446E84A-665C-46BE-947A-6724B45FCCAE}.Release|x64.Build.0 = Release|Any CPU
		{1446E84A-665C-46BE-947A-6724B45FCCAE}.Release|x86.ActiveCfg = Release|Any CPU
		{1446E84A-665C-46BE-947A-6724B45FCCAE}.Release|x86.Build.0 = Release|Any CPU
		{73200E30-4CA4-43E5-8CDF-07112F150E1B}.Debug|Any CPU.ActiveCfg = Debug|Any CPU
		{73200E30-4CA4-43E5-8CDF-07112F150E1B}.Debug|Any CPU.Build.0 = Debug|Any CPU
		{73200E30-4CA4-43E5-8CDF-07112F150E1B}.Debug|x64.ActiveCfg = Debug|Any CPU
		{73200E30-4CA4-43E5-8CDF-07112F150E1B}.Debug|x64.Build.0 = Debug|Any CPU
		{73200E30-4CA4-43E5-8CDF-07112F150E1B}.Debug|x86.ActiveCfg = Debug|Any CPU
		{73200E30-4CA4-43E5-8CDF-07112F150E1B}.Debug|x86.Build.0 = Debug|Any CPU
		{73200E30-4CA4-43E5-8CDF-07112F150E1B}.Release|Any CPU.ActiveCfg = Release|Any CPU
		{73200E30-4CA4-43E5-8CDF-07112F150E1B}.Release|Any CPU.Build.0 = Release|Any CPU
		{73200E30-4CA4-43E5-8CDF-07112F150E1B}.Release|x64.ActiveCfg = Release|Any CPU
		{73200E30-4CA4-43E5-8CDF-07112F150E1B}.Release|x64.Build.0 = Release|Any CPU
		{73200E30-4CA4-43E5-8CDF-07112F150E1B}.Release|x86.ActiveCfg = Release|Any CPU
		{73200E30-4CA4-43E5-8CDF-07112F150E1B}.Release|x86.Build.0 = Release|Any CPU
		{E77B26CC-0EF8-42E2-8B7D-9D0A992DD410}.Debug|Any CPU.ActiveCfg = Debug|Any CPU
		{E77B26CC-0EF8-42E2-8B7D-9D0A992DD410}.Debug|Any CPU.Build.0 = Debug|Any CPU
		{E77B26CC-0EF8-42E2-8B7D-9D0A992DD410}.Debug|x64.ActiveCfg = Debug|Any CPU
		{E77B26CC-0EF8-42E2-8B7D-9D0A992DD410}.Debug|x64.Build.0 = Debug|Any CPU
		{E77B26CC-0EF8-42E2-8B7D-9D0A992DD410}.Debug|x86.ActiveCfg = Debug|Any CPU
		{E77B26CC-0EF8-42E2-8B7D-9D0A992DD410}.Debug|x86.Build.0 = Debug|Any CPU
		{E77B26CC-0EF8-42E2-8B7D-9D0A992DD410}.Release|Any CPU.ActiveCfg = Release|Any CPU
		{E77B26CC-0EF8-42E2-8B7D-9D0A992DD410}.Release|Any CPU.Build.0 = Release|Any CPU
		{E77B26CC-0EF8-42E2-8B7D-9D0A992DD410}.Release|x64.ActiveCfg = Release|Any CPU
		{E77B26CC-0EF8-42E2-8B7D-9D0A992DD410}.Release|x64.Build.0 = Release|Any CPU
		{E77B26CC-0EF8-42E2-8B7D-9D0A992DD410}.Release|x86.ActiveCfg = Release|Any CPU
		{E77B26CC-0EF8-42E2-8B7D-9D0A992DD410}.Release|x86.Build.0 = Release|Any CPU
	EndGlobalSection
	GlobalSection(SolutionProperties) = preSolution
		HideSolutionNode = FALSE
	EndGlobalSection
	GlobalSection(NestedProjects) = preSolution
		{74018583-F4DF-4562-AEAE-34B93437D0F2} = {827E0CD3-B72D-47B6-A68D-7590B98EB39B}
		{A58F8230-0FD1-416C-BB06-FDBE4686962B} = {827E0CD3-B72D-47B6-A68D-7590B98EB39B}
		{51D595ED-9035-4F67-9813-1AD78E014890} = {827E0CD3-B72D-47B6-A68D-7590B98EB39B}
		{9E1DA5D3-927D-44EC-A71D-95E78DEEB7D1} = {827E0CD3-B72D-47B6-A68D-7590B98EB39B}
		{1E79EA77-37C6-4C44-8F19-7E99C492500F} = {827E0CD3-B72D-47B6-A68D-7590B98EB39B}
		{AFFF1933-8779-4413-8F5D-11BDB05CAF7B} = {1E79EA77-37C6-4C44-8F19-7E99C492500F}
		{FB08D468-BA11-44E1-A25A-961D54A2B86B} = {AFFF1933-8779-4413-8F5D-11BDB05CAF7B}
		{315CA379-4C45-4EB5-9C97-05EFACB6E20D} = {AFFF1933-8779-4413-8F5D-11BDB05CAF7B}
		{337D5C86-24DE-40C6-A568-7FAFFC25833C} = {AFFF1933-8779-4413-8F5D-11BDB05CAF7B}
		{D93F20DA-1739-4BFF-B266-54CF770A5594} = {AFFF1933-8779-4413-8F5D-11BDB05CAF7B}
		{1477B51C-2A26-4922-AA79-7313765D3391} = {AFFF1933-8779-4413-8F5D-11BDB05CAF7B}
		{B110E61C-DA1A-47A4-B149-B25DDC642211} = {AFFF1933-8779-4413-8F5D-11BDB05CAF7B}
		{15F1011D-D949-43AD-B296-9C73AA7A594B} = {1E79EA77-37C6-4C44-8F19-7E99C492500F}
		{E7474CDE-92C1-4AF8-A497-FD4CAF46D17F} = {15F1011D-D949-43AD-B296-9C73AA7A594B}
		{33E42330-A861-49A7-84BF-B510FEC9D9F0} = {15F1011D-D949-43AD-B296-9C73AA7A594B}
		{39AA1480-3A27-41AD-9777-5F4A651AB6D0} = {15F1011D-D949-43AD-B296-9C73AA7A594B}
		{47462111-2F0F-499D-A588-D212B69C2C20} = {15F1011D-D949-43AD-B296-9C73AA7A594B}
		{A9B03911-8AD8-4A1C-9200-9D104103592D} = {15F1011D-D949-43AD-B296-9C73AA7A594B}
		{83598C66-6050-4EF7-BB56-29774DAD7DED} = {15F1011D-D949-43AD-B296-9C73AA7A594B}
		{1446E84A-665C-46BE-947A-6724B45FCCAE} = {827E0CD3-B72D-47B6-A68D-7590B98EB39B}
		{73200E30-4CA4-43E5-8CDF-07112F150E1B} = {15F1011D-D949-43AD-B296-9C73AA7A594B}
		{E77B26CC-0EF8-42E2-8B7D-9D0A992DD410} = {AFFF1933-8779-4413-8F5D-11BDB05CAF7B}
	EndGlobalSection
EndGlobal
